
Microsoft Visual Studio Solution File, Format Version 12.00
# Visual Studio Version 17
VisualStudioVersion = 17.5.002.0
MinimumVisualStudioVersion = 10.0.40219.1
Project("{9A19103F-16F7-4668-BE54-9A1E7A4F7556}") = "Tutorial1", "Tutorial1.csproj", "{0E4ECAF4-2CF6-4FF2-9DCE-F2424A1A7533}"
EndProject
Global
	GlobalSection(SolutionConfigurationPlatforms) = preSolution
		Debug|Any CPU = Debug|Any CPU
		Release|Any CPU = Release|Any CPU
	EndGlobalSection
	GlobalSection(ProjectConfigurationPlatforms) = postSolution
		{0E4ECAF4-2CF6-4FF2-9DCE-F2424A1A7533}.Debug|Any CPU.ActiveCfg = Debug|Any CPU
		{0E4ECAF4-2CF6-4FF2-9DCE-F2424A1A7533}.Debug|Any CPU.Build.0 = Debug|Any CPU
		{0E4ECAF4-2CF6-4FF2-9DCE-F2424A1A7533}.Release|Any CPU.ActiveCfg = Release|Any CPU
		{0E4ECAF4-2CF6-4FF2-9DCE-F2424A1A7533}.Release|Any CPU.Build.0 = Release|Any CPU
	EndGlobalSection
	GlobalSection(SolutionProperties) = preSolution
		HideSolutionNode = FALSE
	EndGlobalSection
	GlobalSection(ExtensibilityGlobals) = postSolution
		SolutionGuid = {E893BEC7-AD6D-4479-8088-FF04804FCBB9}
	EndGlobalSection
EndGlobal
